Microsoft Visual Studio Solution File, Format Version 12.00
# Visual Studio Version 17
VisualStudioVersion = 17.5.2.0
MinimumVisualStudioVersion = 10.0.40219.1
Project("{FAE04EC0-301F-11D3-BF4B-00C04F79EFBC}") = "proj3", "proj3.csproj", "{ACFFA2D4-6313-D8FF-2752-5D5F0A436887}"
EndProject
Global
	GlobalSection(SolutionConfigurationPlatforms) = preSolution
		Debug|Any CPU = Debug|Any CPU
		Release|Any CPU = Release|Any CPU
	EndGlobalSection
	GlobalSection(ProjectConfigurationPlatforms) = postSolution
		{ACFFA2D4-6313-D8FF-2752-5D5F0A436887}.Debug|Any CPU.ActiveCfg = Debug|Any CPU
		{ACFFA2D4-6313-D8FF-2752-5D5F0A436887}.Debug|Any CPU.Build.0 = Debug|Any CPU
		{ACFFA2D4-6313-D8FF-2752-5D5F0A436887}.Release|Any CPU.ActiveCfg = Release|Any CPU
		{ACFFA2D4-6313-D8FF-2752-5D5F0A436887}.Release|Any CPU.Build.0 = Release|Any CPU
	EndGlobalSection
	GlobalSection(SolutionProperties) = preSolution
		HideSolutionNode = FALSE
	EndGlobalSection
	GlobalSection(ExtensibilityGlobals) = postSolution
		SolutionGuid = {9F3766AB-92EE-4555-8B20-43976FAE5585}
	EndGlobalSection
EndGlobal
